// !$*UTF8*$!
{
	archiveVersion = 1;
	classes = {
	};
	objectVersion = 50;
	objects = {

/* Begin PBXBuildFile section */
		D6938A3024FD109F008C98CC /* AppDelegate.swift in Sources */ = {isa = PBXBuildFile; fileRef = D6938A2F24FD109F008C98CC /* AppDelegate.swift */; };
		D6938A3224FD109F008C98CC /* ViewController.swift in Sources */ = {isa = PBXBuildFile; fileRef = D6938A3124FD109F008C98CC /* ViewController.swift */; };
		D6938A3424FD109F008C98CC /* Experience.rcproject in Sources */ = {isa = PBXBuildFile; fileRef = D6938A3324FD109F008C98CC /* Experience.rcproject */; };
		D6938A3724FD109F008C98CC /* Main.storyboard in Resources */ = {isa = PBXBuildFile; fileRef = D6938A3524FD109F008C98CC /* Main.storyboard */; };
		D6938A3924FD10A3008C98CC /* Assets.xcassets in Resources */ = {isa = PBXBuildFile; fileRef = D6938A3824FD10A3008C98CC /* Assets.xcassets */; };
		D6938A3C24FD10A3008C98CC /* LaunchScreen.storyboard in Resources */ = {isa = PBXBuildFile; fileRef = D6938A3A24FD10A3008C98CC /* LaunchScreen.storyboard */; };
/* End PBXBuildFile section */

/* Begin PBXFileReference section */
		D6938A2C24FD109F008C98CC /* AR example.app */ = {isa = PBXFileReference; explicitFileType = wrapper.application; includeInIndex = 0; path = "AR example.app"; sourceTree = BUILT_PRODUCTS_DIR; };
		D6938A2F24FD109F008C98CC /* AppDelegate.swift */ = {isa = PBXFileReference; lastKnownFileType = sourcecode.swift; path = AppDelegate.swift; sourceTree = "<group>"; };
		D6938A3124FD109F008C98CC /* ViewController.swift */ = {isa = PBXFileReference; lastKnownFileType = sourcecode.swift; path = ViewController.swift; sourceTree = "<group>"; };
		D6938A3324FD109F008C98CC /* Experience.rcproject */ = {isa = PBXFileReference; lastKnownFileType = file.rcproject; path = Experience.rcproject; sourceTree = "<group>"; };
		D6938A3624FD109F008C98CC /* Base */ = {isa = PBXFileReference; lastKnownFileType = file.storyboard; name = Base; path = Base.lproj/Main.storyboard; sourceTree = "<group>"; };
		D6938A3824FD10A3008C98CC /* Assets.xcassets */ = {isa = PBXFileReference; lastKnownFileType = folder.assetcatalog; path = Assets.xcassets; sourceTree = "<group>"; };
		D6938A3B24FD10A3008C98CC /* Base */ = {isa = PBXFileReference; lastKnownFileType = file.storyboard; name = Base; path = Base.lproj/LaunchScreen.storyboard; sourceTree = "<group>"; };
		D6938A3D24FD10A3008C98CC /* Info.plist */ = {isa = PBXFileReference; lastKnownFileType = text.plist.xml; path = Info.plist; sourceTree = "<group>"; };
/* End PBXFileReference section */

/* Begin PBXFrameworksBuildPhase section */
		D6938A2924FD109F008C98CC /* Frameworks */ = {
			isa = PBXFrameworksBuildPhase;
			buildActionMask = 2147483647;
			files = (
			);
			runOnlyForDeploymentPostprocessing = 0;
		};
/* End PBXFrameworksBuildPhase section */

/* Begin PBXGroup section */
		D6938A2324FD109F008C98CC = {
			isa = PBXGroup;
			children = (
				D6938A2E24FD109F008C98CC /* AR example */,
				D6938A2D24FD109F008C98CC /* Products */,
			);
			sourceTree = "<group>";
		};
		D6938A2D24FD109F008C98CC /* Products */ = {
			isa = PBXGroup;
			children = (
				D6938A2C24FD109F008C98CC /* AR example.app */,
			);
			name = Products;
			sourceTree = "<group>";
		};
		D6938A2E24FD109F008C98CC /* AR example */ = {
			isa = PBXGroup;
			children = (
				D6938A2F24FD109F008C98CC /* AppDelegate.swift */,
				D6938A3124FD109F008C98CC /* ViewController.swift */,
				D6938A3324FD109F008C98CC /* Experience.rcproject */,
				D6938A3524FD109F008C98CC /* Main.storyboard */,
				D6938A3824FD10A3008C98CC /* Assets.xcassets */,
				D6938A3A24FD10A3008C98CC /* LaunchScreen.storyboard */,
				D6938A3D24FD10A3008C98CC /* Info.plist */,
			);
			path = "AR example";
			sourceTree = "<group>";
		};
/* End PBXGroup section */

/* Begin PBXNativeTarget section */
		D6938A2B24FD109F008C98CC /* AR example */ = {
			isa = PBXNativeTarget;
			buildConfigurationList = D6938A4024FD10A3008C98CC /* Build configuration list for PBXNativeTarget "AR example" */;
			buildPhases = (
				D6938A2824FD109F008C98CC /* Sources */,
				D6938A2924FD109F008C98CC /* Frameworks */,
				D6938A2A24FD109F008C98CC /* Resources */,
			);
			buildRules = (
			);
			dependencies = (
			);
			name = "AR example";
			productName = "AR example";
			productReference = D6938A2C24FD109F008C98CC /* AR example.app */;
			productType = "com.apple.product-type.application";
		};
/* End PBXNativeTarget section */

/* Begin PBXProject section */
		D6938A2424FD109F008C98CC /* Project object */ = {
			isa = PBXProject;
			attributes = {
				LastSwiftUpdateCheck = 1160;
				LastUpgradeCheck = 1160;
				ORGANIZATIONNAME = "Anmol Basnet";
				TargetAttributes = {
					D6938A2B24FD109F008C98CC = {
						CreatedOnToolsVersion = 11.6;
					};
				};
			};
			buildConfigurationList = D6938A2724FD109F008C98CC /* Build configuration list for PBXProject "AR example" */;
			compatibilityVersion = "Xcode 9.3";
			developmentRegion = en;
			hasScannedForEncodings = 0;
			knownRegions = (
				en,
				Base,
			);
			mainGroup = D6938A2324FD109F008C98CC;
			productRefGroup = D6938A2D24FD109F008C98CC /* Products */;
			projectDirPath = "";
			projectRoot = "";
			targets = (
				D6938A2B24FD109F008C98CC /* AR example */,
			);
		};
/* End PBXProject section */

/* Begin PBXResourcesBuildPhase section */
		D6938A2A24FD109F008C98CC /* Resources */ = {
			isa = PBXResourcesBuildPhase;
			buildActionMask = 2147483647;
			files = (
				D6938A3C24FD10A3008C98CC /* LaunchScreen.storyboard in Resources */,
				D6938A3924FD10A3008C98CC /* Assets.xcassets in Resources */,
				D6938A3724FD109F008C98CC /* Main.storyboard in Resources */,
			);
			runOnlyForDeploymentPostprocessing = 0;
		};
/* End PBXResourcesBuildPhase section */

/* Begin PBXSourcesBuildPhase section */
		D6938A2824FD109F008C98CC /* Sources */ = {
			isa = PBXSourcesBuildPhase;
			buildActionMask = 2147483647;
			files = (
				D6938A3224FD109F008C98CC /* ViewController.swift in Sources */,
				D6938A3024FD109F008C98CC /* AppDelegate.swift in Sources */,
				D6938A3424FD109F008C98CC /* Experience.rcproject in Sources */,
			);
			runOnlyForDeploymentPostprocessing = 0;
		};
/* End PBXSourcesBuildPhase section */

/* Begin PBXVariantGroup section */
		D6938A3524FD109F008C98CC /* Main.storyboard */ = {
			isa = PBXVariantGroup;
			children = (
				D6938A3624FD109F008C98CC /* Base */,
			);
			name = Main.storyboard;
			sourceTree = "<group>";
		};
		D6938A3A24FD10A3008C98CC /* LaunchScreen.storyboard */ = {
			isa = PBXVariantGroup;
			children = (
				D6938A3B24FD10A3008C98CC /* Base */,
			);
			name = LaunchScreen.storyboard;
			sourceTree = "<group>";
		};
/* End PBXVariantGroup section */

/* Begin XCBuildConfiguration section */
		D6938A3E24FD10A3008C98CC /* Debug */ = {
			isa = XCBuildConfiguration;
			buildSettings = {
				ALWAYS_SEARCH_USER_PATHS = NO;
				CLANG_ANALYZER_NONNULL = YES;
				CLANG_ANALYZER_NUMBER_OBJECT_CONVERSION = YES_AGGRESSIVE;
				CLANG_CXX_LANGUAGE_STANDARD = "gnu++14";
				CLANG_CXX_LIBRARY = "libc++";
				CLANG_ENABLE_MODULES = YES;
				CLANG_ENABLE_OBJC_ARC = YES;
				CLANG_ENABLE_OBJC_WEAK = YES;
				CLANG_WARN_BLOCK_CAPTURE_AUTORELEASING = YES;
				CLANG_WARN_BOOL_CONVERSION = YES;
				CLANG_WARN_COMMA = YES;
				CLANG_WARN_CONSTANT_CONVERSION = YES;
				CLANG_WARN_DEPRECATED_OBJC_IMPLEMENTATIONS = YES;
				CLANG_WARN_DIRECT_OBJC_ISA_USAGE = YES_ERROR;
				CLANG_WARN_DOCUMENTATION_COMMENTS = YES;
				CLANG_WARN_EMPTY_BODY = YES;
				CLANG_WARN_ENUM_CONVERSION = YES;
				CLANG_WARN_INFINITE_RECURSION = YES;
				CLANG_WARN_INT_CONVERSION = YES;
				CLANG_WARN_NON_LITERAL_NULL_CONVERSION = YES;
				CLANG_WARN_OBJC_IMPLICIT_RETAIN_SELF = YES;
				CLANG_WARN_OBJC_LITERAL_CONVERSION = YES;
				CLANG_WARN_OBJC_ROOT_CLASS = YES_ERROR;
				CLANG_WARN_RANGE_LOOP_ANALYSIS = YES;
				CLANG_WARN_STRICT_PROTOTYPES = YES;
				CLANG_WARN_SUSPICIOUS_MOVE = YES;
				CLANG_WARN_UNGUARDED_AVAILABILITY = YES_AGGRESSIVE;
				CLANG_WARN_UNREACHABLE_CODE = YES;
				CLANG_WARN__DUPLICATE_METHOD_MATCH = YES;
				COPY_PHASE_STRIP = NO;
				DEBUG_INFORMATION_FORMAT = dwarf;
				ENABLE_STRICT_OBJC_MSGSEND = YES;
				ENABLE_TESTABILITY = YES;
				GCC_C_LANGUAGE_STANDARD = gnu11;
				GCC_DYNAMIC_NO_PIC = NO;
				GCC_NO_COMMON_BLOCKS = YES;
				GCC_OPTIMIZATION_LEVEL = 0;
				GCC_PREPROCESSOR_DEFINITIONS = (
					"DEBUG=1",
					"$(inherited)",
				);
				GCC_WARN_64_TO_32_BIT_CONVERSION = YES;
				GCC_WARN_ABOUT_RETURN_TYPE = YES_ERROR;
				GCC_WARN_UNDECLARED_SELECTOR = YES;
				GCC_WARN_UNINITIALIZED_AUTOS = YES_AGGRESSIVE;
				GCC_WARN_UNUSED_FUNCTION = YES;
				GCC_WARN_UNUSED_VARIABLE = YES;
				IPHONEOS_DEPLOYMENT_TARGET = 13.6;
				MTL_ENABLE_DEBUG_INFO = INCLUDE_SOURCE;
				MTL_FAST_MATH = YES;
				ONLY_ACTIVE_ARCH = YES;
				SDKROOT = iphoneos;
				SWIFT_ACTIVE_COMPILATION_CONDITIONS = DEBUG;
				SWIFT_OPTIMIZATION_LEVEL = "-Onone";
			};
			name = Debug;
		};
		D6938A3F24FD10A3008C98CC /* Release */ = {
			isa = XCBuildConfiguration;
			buildSettings = {
				ALWAYS_SEARCH_USER_PATHS = NO;
				CLANG_ANALYZER_NONNULL = YES;
				CLANG_ANALYZER_NUMBER_OBJECT_CONVERSION = YES_AGGRESSIVE;
				CLANG_CXX_LANGUAGE_STANDARD = "gnu++14";
				CLANG_CXX_LIBRARY = "libc++";
				CLANG_ENABLE_MODULES = YES;
				CLANG_ENABLE_OBJC_ARC = YES;
				CLANG_ENABLE_OBJC_WEAK = YES;
				CLANG_WARN_BLOCK_CAPTURE_AUTORELEASING = YES;
				CLANG_WARN_BOOL_CONVERSION = YES;
				CLANG_WARN_COMMA = YES;
				CLANG_WARN_CONSTANT_CONVERSION = YES;
				CLANG_WARN_DEPRECATED_OBJC_IMPLEMENTATIONS = YES;
				CLANG_WARN_DIRECT_OBJC_ISA_USAGE = YES_ERROR;
				CLANG_WARN_DOCUMENTATION_COMMENTS = YES;
				CLANG_WARN_EMPTY_BODY = YES;
				CLANG_WARN_ENUM_CONVERSION = YES;
				CLANG_WARN_INFINITE_RECURSION = YES;
				CLANG_WARN_INT_CONVERSION = YES;
				CLANG_WARN_NON_LITERAL_NULL_CONVERSION = YES;
				CLANG_WARN_OBJC_IMPLICIT_RETAIN_SELF = YES;
				CLANG_WARN_OBJC_LITERAL_CONVERSION = YES;
				CLANG_WARN_OBJC_ROOT_CLASS = YES_ERROR;
				CLANG_WARN_RANGE_LOOP_ANALYSIS = YES;
				CLANG_WARN_STRICT_PROTOTYPES = YES;
				CLANG_WARN_SUSPICIOUS_MOVE = YES;
				CLANG_WARN_UNGUARDED_AVAILABILITY = YES_AGGRESSIVE;
				CLANG_WARN_UNREACHABLE_CODE = YES;
				CLANG_WARN__DUPLICATE_METHOD_MATCH = YES;
				COPY_PHASE_STRIP = NO;
				DEBUG_INFORMATION_FORMAT = "dwarf-with-dsym";
				ENABLE_NS_ASSERTIONS = NO;
				ENABLE_STRICT_OBJC_MSGSEND = YES;
				GCC_C_LANGUAGE_STANDARD = gnu11;
				GCC_NO_COMMON_BLOCKS = YES;
				GCC_WARN_64_TO_32_BIT_CONVERSION = YES;
				GCC_WARN_ABOUT_RETURN_TYPE = YES_ERROR;
				GCC_WARN_UNDECLARED_SELECTOR = YES;
				GCC_WARN_UNINITIALIZED_AUTOS = YES_AGGRESSIVE;
				GCC_WARN_UNUSED_FUNCTION = YES;
				GCC_WARN_UNUSED_VARIABLE = YES;
				IPHONEOS_DEPLOYMENT_TARGET = 13.6;
				MTL_ENABLE_DEBUG_INFO = NO;
				MTL_FAST_MATH = YES;
				SDKROOT = iphoneos;
				SWIFT_COMPILATION_MODE = wholemodule;
				SWIFT_OPTIMIZATION_LEVEL = "-O";
				VALIDATE_PRODUCT = YES;
			};
			name = Release;
		};
		D6938A4124FD10A3008C98CC /* Debug */ = {
			isa = XCBuildConfiguration;
			buildSettings = {
				ASSETCATALOG_COMPILER_APPICON_NAME = AppIcon;
				CODE_SIGN_STYLE = Automatic;
				INFOPLIST_FILE = "AR example/Info.plist";
				IPHONEOS_DEPLOYMENT_TARGET = 12.2;
				LD_RUNPATH_SEARCH_PATHS = (
					"$(inherited)",
					"@executable_path/Frameworks",
				);
				PRODUCT_BUNDLE_IDENTIFIER = "com.bestapp.Anmol.AR-example";
				PRODUCT_NAME = "$(TARGET_NAME)";
				SWIFT_VERSION = 5.0;
				TARGETED_DEVICE_FAMILY = "1,2";
			};
			name = Debug;
		};
		D6938A4224FD10A3008C98CC /* Release */ = {
			isa = XCBuildConfiguration;
			buildSettings = {
				ASSETCATALOG_COMPILER_APPICON_NAME = AppIcon;
				CODE_SIGN_STYLE = Automatic;
				INFOPLIST_FILE = "AR example/Info.plist";
				IPHONEOS_DEPLOYMENT_TARGET = 12.2;
				LD_RUNPATH_SEARCH_PATHS = (
					"$(inherited)",
					"@executable_path/Frameworks",
				);
				PRODUCT_BUNDLE_IDENTIFIER = "com.bestapp.Anmol.AR-example";
				PRODUCT_NAME = "$(TARGET_NAME)";
				SWIFT_VERSION = 5.0;
				TARGETED_DEVICE_FAMILY = "1,2";
			};
			name = Release;
		};
/* End XCBuildConfiguration section */

/* Begin XCConfigurationList section */
		D6938A2724FD109F008C98CC /* Build configuration list for PBXProject "AR example" */ = {
			isa = XCConfigurationList;
			buildConfigurations = (
				D6938A3E24FD10A3008C98CC /* Debug */,
				D6938A3F24FD10A3008C98CC /* Release */,
			);
			defaultConfigurationIsVisible = 0;
			defaultConfigurationName = Release;
		};
		D6938A4024FD10A3008C98CC /* Build configuration list for PBXNativeTarget "AR example" */ = {
			isa = XCConfigurationList;
			buildConfigurations = (
				D6938A4124FD10A3008C98CC /* Debug */,
				D6938A4224FD10A3008C98CC /* Release */,
			);
			defaultConfigurationIsVisible = 0;
			defaultConfigurationName = Release;
		};
/* End XCConfigurationList section */
	};
	rootObject = D6938A2424FD109F008C98CC /* Project object */;
}
